// !$*UTF8*$!
{
	archiveVersion = 1;
	classes = {
	};
	objectVersion = 110;
	objects = {

/* Begin PBXContainerItemProxy section */
		B17AC740305D779C009E166D /* PBXContainerItemProxy */ = {
			isa = PBXContainerItemProxy;
			containerPortal = B17AC728305D779B009E166D /* Project object */;
			proxyType = 1;
			remoteGlobalIDString = B17AC72F305D779B009E166D;
			remoteInfo = "exodus-ios";
		};
		B17AC74A305D779C009E166D /* PBXContainerItemProxy */ = {
			isa = PBXContainerItemProxy;
			containerPortal = B17AC728305D779B009E166D /* Project object */;
			proxyType = 1;
			remoteGlobalIDString = B17AC72F305D779B009E166D;
			remoteInfo = "exodus-ios";
		};
/* End PBXContainerItemProxy section */

/* Begin PBXFileReference section */
		B17AC730305D779B009E166D /* exodus-ios.app */ = {isa = PBXFileReference; explicitFileType = wrapper.application; includeInIndex = 0; path = "exodus-ios.app"; sourceTree = BUILT_PRODUCTS_DIR; };
		B17AC73F305D779C009E166D /* exodus-iosTests.xctest */ = {isa = PBXFileReference; explicitFileType = wrapper.cfbundle; includeInIndex = 0; path = "exodus-iosTests.xctest"; sourceTree = BUILT_PRODUCTS_DIR; };
		B17AC749305D779C009E166D /* exodus-iosUITests.xctest */ = {isa = PBXFileReference; explicitFileType = wrapper.cfbundle; includeInIndex = 0; path = "exodus-iosUITests.xctest"; sourceTree = BUILT_PRODUCTS_DIR; };
/* End PBXFileReference section */

/* Begin PBXFileSystemSynchronizedRootGroup section */
		B17AC732305D779B009E166D /* exodus-ios */ = {
			isa = PBXFileSystemSynchronizedRootGroup;
			path = "exodus-ios";
			sourceTree = "<group>";
		};
		B17AC742305D779C009E166D /* exodus-iosTests */ = {
			isa = PBXFileSystemSynchronizedRootGroup;
			path = "exodus-iosTests";
			sourceTree = "<group>";
		};
		B17AC74C305D779C009E166D /* exodus-iosUITests */ = {
			isa = PBXFileSystemSynchronizedRootGroup;
			path = "exodus-iosUITests";
			sourceTree = "<group>";
		};
/* End PBXFileSystemSynchronizedRootGroup section */

/* Begin PBXFrameworksBuildPhase section */
		B17AC72D305D779B009E166D /* Frameworks */ = {
			isa = PBXFrameworksBuildPhase;
			files = (
			);
		};
		B17AC73C305D779C009E166D /* Frameworks */ = {
			isa = PBXFrameworksBuildPhase;
			files = (
			);
		};
		B17AC746305D779C009E166D /* Frameworks */ = {
			isa = PBXFrameworksBuildPhase;
			files = (
			);
		};
/* End PBXFrameworksBuildPhase section */

/* Begin PBXGroup section */
		B17AC727305D779B009E166D = {
			isa = PBXGroup;
			children = (
				B17AC732305D779B009E166D /* exodus-ios */,
				B17AC742305D779C009E166D /* exodus-iosTests */,
				B17AC74C305D779C009E166D /* exodus-iosUITests */,
				B17AC731305D779B009E166D /* Products */,
			);
			sourceTree = "<group>";
		};
		B17AC731305D779B009E166D /* Products */ = {
			isa = PBXGroup;
			children = (
				B17AC730305D779B009E166D /* exodus-ios.app */,
				B17AC73F305D779C009E166D /* exodus-iosTests.xctest */,
				B17AC749305D779C009E166D /* exodus-iosUITests.xctest */,
			);
			name = Products;
			sourceTree = "<group>";
		};
/* End PBXGroup section */

/* Begin PBXNativeTarget section */
		B17AC72F305D779B009E166D /* exodus-ios */ = {
			isa = PBXNativeTarget;
			buildConfigurationList = B17AC751305D779C009E166D /* Build configuration list for PBXNativeTarget "exodus-ios" */;
			buildPhases = (
				B17AC72C305D779B009E166D /* Sources */,
				B17AC72D305D779B009E166D /* Frameworks */,
				B17AC72E305D779B009E166D /* Resources */,
			);
			buildRules = (
			);
			fileSystemSynchronizedGroups = (
				B17AC732305D779B009E166D /* exodus-ios */,
			);
			name = "exodus-ios";
			productName = "exodus-ios";
			productReference = B17AC730305D779B009E166D /* exodus-ios.app */;
			productType = "com.apple.product-type.application";
		};
		B17AC73E305D779C009E166D /* exodus-iosTests */ = {
			isa = PBXNativeTarget;
			buildConfigurationList = B17AC754305D779C009E166D /* Build configuration list for PBXNativeTarget "exodus-iosTests" */;
			buildPhases = (
				B17AC73B305D779C009E166D /* Sources */,
				B17AC73C305D779C009E166D /* Frameworks */,
				B17AC73D305D779C009E166D /* Resources */,
			);
			buildRules = (
			);
			dependencies = (
				B17AC741305D779C009E166D /* PBXTargetDependency */,
			);
			fileSystemSynchronizedGroups = (
				B17AC742305D779C009E166D /* exodus-iosTests */,
			);
			name = "exodus-iosTests";
			productName = "exodus-iosTests";
			productReference = B17AC73F305D779C009E166D /* exodus-iosTests.xctest */;
			productType = "com.apple.product-type.bundle.unit-test";
		};
		B17AC748305D779C009E166D /* exodus-iosUITests */ = {
			isa = PBXNativeTarget;
			buildConfigurationList = B17AC757305D779C009E166D /* Build configuration list for PBXNativeTarget "exodus-iosUITests" */;
			buildPhases = (
				B17AC745305D779C009E166D /* Sources */,
				B17AC746305D779C009E166D /* Frameworks */,
				B17AC747305D779C009E166D /* Resources */,
			);
			buildRules = (
			);
			dependencies = (
				B17AC74B305D779C009E166D /* PBXTargetDependency */,
			);
			fileSystemSynchronizedGroups = (
				B17AC74C305D779C009E166D /* exodus-iosUITests */,
			);
			name = "exodus-iosUITests";
			productName = "exodus-iosUITests";
			productReference = B17AC749305D779C009E166D /* exodus-iosUITests.xctest */;
			productType = "com.apple.product-type.bundle.ui-testing";
		};
/* End PBXNativeTarget section */

/* Begin PBXProject section */
		B17AC728305D779B009E166D /* Project object */ = {
			isa = PBXProject;
			attributes = {
				BuildIndependentTargetsInParallel = 1;
				LastSwiftUpdateCheck = 2700;
				LastUpgradeCheck = 2700;
				TargetAttributes = {
					B17AC72F305D779B009E166D = {
						CreatedOnToolsVersion = 27.0;
					};
					B17AC73E305D779C009E166D = {
						CreatedOnToolsVersion = 27.0;
						TestTargetID = B17AC72F305D779B009E166D;
					};
					B17AC748305D779C009E166D = {
						CreatedOnToolsVersion = 27.0;
						TestTargetID = B17AC72F305D779B009E166D;
					};
				};
			};
			buildConfigurationList = B17AC72B305D779B009E166D /* Build configuration list for PBXProject "exodus-ios" */;
			developmentRegion = en;
			hasScannedForEncodings = 0;
			knownRegions = (
				en,
				Base,
			);
			mainGroup = B17AC727305D779B009E166D;
			minimizedProjectReferenceProxies = 1;
			preferredProjectObjectVersion = 77;
			productRefGroup = B17AC731305D779B009E166D /* Products */;
			projectDirPath = "";
			projectRoot = "";
			targets = (
				B17AC72F305D779B009E166D /* exodus-ios */,
				B17AC73E305D779C009E166D /* exodus-iosTests */,
				B17AC748305D779C009E166D /* exodus-iosUITests */,
			);
		};
/* End PBXProject section */

/* Begin PBXResourcesBuildPhase section */
		B17AC72E305D779B009E166D /* Resources */ = {
			isa = PBXResourcesBuildPhase;
			files = (
			);
		};
		B17AC73D305D779C009E166D /* Resources */ = {
			isa = PBXResourcesBuildPhase;
			files = (
			);
		};
		B17AC747305D779C009E166D /* Resources */ = {
			isa = PBXResourcesBuildPhase;
			files = (
			);
		};
/* End PBXResourcesBuildPhase section */

/* Begin PBXSourcesBuildPhase section */
		B17AC72C305D779B009E166D /* Sources */ = {
			isa = PBXSourcesBuildPhase;
			files = (
			);
		};
		B17AC73B305D779C009E166D /* Sources */ = {
			isa = PBXSourcesBuildPhase;
			files = (
			);
		};
		B17AC745305D779C009E166D /* Sources */ = {
			isa = PBXSourcesBuildPhase;
			files = (
			);
		};
/* End PBXSourcesBuildPhase section */

/* Begin PBXTargetDependency section */
		B17AC741305D779C009E166D /* PBXTargetDependency */ = {
			isa = PBXTargetDependency;
			target = B17AC72F305D779B009E166D /* exodus-ios */;
			targetProxy = B17AC740305D779C009E166D /* PBXContainerItemProxy */;
		};
		B17AC74B305D779C009E166D /* PBXTargetDependency */ = {
			isa = PBXTargetDependency;
			target = B17AC72F305D779B009E166D /* exodus-ios */;
			targetProxy = B17AC74A305D779C009E166D /* PBXContainerItemProxy */;
		};
/* End PBXTargetDependency section */

/* Begin XCBuildConfiguration section */
		B17AC74F305D779C009E166D /* Debug configuration for PBXProject "exodus-ios" */ = {
			isa = XCBuildConfiguration;
			buildSettings = {
				ALWAYS_SEARCH_USER_PATHS = NO;
				ASSETCATALOG_COMPILER_GENERATE_SWIFT_ASSET_SYMBOL_EXTENSIONS = YES;
				CLANG_ANALYZER_NONNULL = YES;
				CLANG_ANALYZER_NUMBER_OBJECT_CONVERSION = YES_AGGRESSIVE;
				CLANG_CXX_LANGUAGE_STANDARD = "gnu++20";
				CLANG_ENABLE_MODULES = YES;
				CLANG_ENABLE_OBJC_ARC = YES;
				CLANG_ENABLE_OBJC_WEAK = YES;
				CLANG_WARN_BLOCK_CAPTURE_AUTORELEASING = YES;
				CLANG_WARN_BOOL_CONVERSION = YES;
				CLANG_WARN_COMMA = YES;
				CLANG_WARN_CONSTANT_CONVERSION = YES;
				CLANG_WARN_DEPRECATED_OBJC_IMPLEMENTATIONS = YES;
				CLANG_WARN_DIRECT_OBJC_ISA_USAGE = YES_ERROR;
				CLANG_WARN_DOCUMENTATION_COMMENTS = YES;
				CLANG_WARN_EMPTY_BODY = YES;
				CLANG_WARN_ENUM_CONVERSION = YES;
				CLANG_WARN_INFINITE_RECURSION = YES;
				CLANG_WARN_INT_CONVERSION = YES;
				CLANG_WARN_NON_LITERAL_NULL_CONVERSION = YES;
				CLANG_WARN_OBJC_IMPLICIT_RETAIN_SELF = YES;
				CLANG_WARN_OBJC_LITERAL_CONVERSION = YES;
				CLANG_WARN_OBJC_ROOT_CLASS = YES_ERROR;
				CLANG_WARN_QUOTED_INCLUDE_IN_FRAMEWORK_HEADER = YES;
				CLANG_WARN_RANGE_LOOP_ANALYSIS = YES;
				CLANG_WARN_STRICT_PROTOTYPES = YES;
				CLANG_WARN_SUSPICIOUS_MOVE = YES;
				CLANG_WARN_UNGUARDED_AVAILABILITY = YES_AGGRESSIVE;
				CLANG_WARN_UNREACHABLE_CODE = YES;
				CLANG_WARN__DUPLICATE_METHOD_MATCH = YES;
				COPY_PHASE_STRIP = NO;
				DEBUG_INFORMATION_FORMAT = dwarf;
				DEVELOPMENT_TEAM = YLF27G9ZMT;
				ENABLE_STRICT_OBJC_MSGSEND = YES;
				ENABLE_TESTABILITY = YES;
				ENABLE_USER_SCRIPT_SANDBOXING = YES;
				GCC_C_LANGUAGE_STANDARD = gnu17;
				GCC_DYNAMIC_NO_PIC = NO;
				GCC_NO_COMMON_BLOCKS = YES;
				GCC_OPTIMIZATION_LEVEL = 0;
				GCC_PREPROCESSOR_DEFINITIONS = (
					"DEBUG=1",
					"$(inherited)",
				);
				GCC_WARN_64_TO_32_BIT_CONVERSION = YES;
				GCC_WARN_ABOUT_RETURN_TYPE = YES_ERROR;
				GCC_WARN_UNDECLARED_SELECTOR = YES;
				GCC_WARN_UNINITIALIZED_AUTOS = YES_AGGRESSIVE;
				GCC_WARN_UNUSED_FUNCTION = YES;
				GCC_WARN_UNUSED_VARIABLE = YES;
				LOCALIZATION_PREFERS_STRING_CATALOGS = YES;
				MTL_ENABLE_DEBUG_INFO = INCLUDE_SOURCE;
				MTL_FAST_MATH = YES;
				ONLY_ACTIVE_ARCH = YES;
				SWIFT_ACTIVE_COMPILATION_CONDITIONS = "DEBUG $(inherited)";
				SWIFT_OPTIMIZATION_LEVEL = "-Onone";
			};
			name = Debug;
		};
		B17AC750305D779C009E166D /* Release configuration for PBXProject "exodus-ios" */ = {
			isa = XCBuildConfiguration;
			buildSettings = {
				ALWAYS_SEARCH_USER_PATHS = NO;
				ASSETCATALOG_COMPILER_GENERATE_SWIFT_ASSET_SYMBOL_EXTENSIONS = YES;
				CLANG_ANALYZER_NONNULL = YES;
				CLANG_ANALYZER_NUMBER_OBJECT_CONVERSION = YES_AGGRESSIVE;
				CLANG_CXX_LANGUAGE_STANDARD = "gnu++20";
				CLANG_ENABLE_MODULES = YES;
				CLANG_ENABLE_OBJC_ARC = YES;
				CLANG_ENABLE_OBJC_WEAK = YES;
				CLANG_WARN_BLOCK_CAPTURE_AUTORELEASING = YES;
				CLANG_WARN_BOOL_CONVERSION = YES;
				CLANG_WARN_COMMA = YES;
				CLANG_WARN_CONSTANT_CONVERSION = YES;
				CLANG_WARN_DEPRECATED_OBJC_IMPLEMENTATIONS = YES;
				CLANG_WARN_DIRECT_OBJC_ISA_USAGE = YES_ERROR;
				CLANG_WARN_DOCUMENTATION_COMMENTS = YES;
				CLANG_WARN_EMPTY_BODY = YES;
				CLANG_WARN_ENUM_CONVERSION = YES;
				CLANG_WARN_INFINITE_RECURSION = YES;
				CLANG_WARN_INT_CONVERSION = YES;
				CLANG_WARN_NON_LITERAL_NULL_CONVERSION = YES;
				CLANG_WARN_OBJC_IMPLICIT_RETAIN_SELF = YES;
				CLANG_WARN_OBJC_LITERAL_CONVERSION = YES;
				CLANG_WARN_OBJC_ROOT_CLASS = YES_ERROR;
				CLANG_WARN_QUOTED_INCLUDE_IN_FRAMEWORK_HEADER = YES;
				CLANG_WARN_RANGE_LOOP_ANALYSIS = YES;
				CLANG_WARN_STRICT_PROTOTYPES = YES;
				CLANG_WARN_SUSPICIOUS_MOVE = YES;
				CLANG_WARN_UNGUARDED_AVAILABILITY = YES_AGGRESSIVE;
				CLANG_WARN_UNREACHABLE_CODE = YES;
				CLANG_WARN__DUPLICATE_METHOD_MATCH = YES;
				COPY_PHASE_STRIP = NO;
				DEBUG_INFORMATION_FORMAT = "dwarf-with-dsym";
				DEVELOPMENT_TEAM = YLF27G9ZMT;
				ENABLE_NS_ASSERTIONS = NO;
				ENABLE_STRICT_OBJC_MSGSEND = YES;
				ENABLE_USER_SCRIPT_SANDBOXING = YES;
				GCC_C_LANGUAGE_STANDARD = gnu17;
				GCC_NO_COMMON_BLOCKS = YES;
				GCC_WARN_64_TO_32_BIT_CONVERSION = YES;
				GCC_WARN_ABOUT_RETURN_TYPE = YES_ERROR;
				GCC_WARN_UNDECLARED_SELECTOR = YES;
				GCC_WARN_UNINITIALIZED_AUTOS = YES_AGGRESSIVE;
				GCC_WARN_UNUSED_FUNCTION = YES;
				GCC_WARN_UNUSED_VARIABLE = YES;
				LOCALIZATION_PREFERS_STRING_CATALOGS = YES;
				MTL_ENABLE_DEBUG_INFO = NO;
				MTL_FAST_MATH = YES;
				SWIFT_COMPILATION_MODE = wholemodule;
			};
			name = Release;
		};
		B17AC752305D779C009E166D /* Debug configuration for PBXNativeTarget "exodus-ios" */ = {
			isa = XCBuildConfiguration;
			buildSettings = {
				ASSETCATALOG_COMPILER_APPICON_NAME = AppIcon;
				ASSETCATALOG_COMPILER_GLOBAL_ACCENT_COLOR_NAME = AccentColor;
				CODE_SIGN_STYLE = Automatic;
				CURRENT_PROJECT_VERSION = 1;
				DEVELOPMENT_TEAM = YLF27G9ZMT;
				ENABLE_APP_SANDBOX = YES;
				ENABLE_HARDENED_RUNTIME = YES;
				ENABLE_PREVIEWS = YES;
				ENABLE_USER_SELECTED_FILES = readonly;
				GENERATE_INFOPLIST_FILE = YES;
				"INFOPLIST_KEY_UIApplicationSceneManifest_Generation[sdk=iphoneos*]" = YES;
				"INFOPLIST_KEY_UIApplicationSceneManifest_Generation[sdk=iphonesimulator*]" = YES;
				"INFOPLIST_KEY_UIApplicationSupportsIndirectInputEvents[sdk=iphoneos*]" = YES;
				"INFOPLIST_KEY_UIApplicationSupportsIndirectInputEvents[sdk=iphonesimulator*]" = YES;
				"INFOPLIST_KEY_UILaunchScreen_Generation[sdk=iphoneos*]" = YES;
				"INFOPLIST_KEY_UILaunchScreen_Generation[sdk=iphonesimulator*]" = YES;
				"INFOPLIST_KEY_UIStatusBarStyle[sdk=iphoneos*]" = UIStatusBarStyleDefault;
				"INFOPLIST_KEY_UIStatusBarStyle[sdk=iphonesimulator*]" = UIStatusBarStyleDefault;
				INFOPLIST_KEY_UISupportedInterfaceOrientations_iPad = "UIInterfaceOrientationPortrait UIInterfaceOrientationPortraitUpsideDown UIInterfaceOrientationLandscapeLeft UIInterfaceOrientationLandscapeRight";
				INFOPLIST_KEY_UISupportedInterfaceOrientations_iPhone = "UIInterfaceOrientationPortrait UIInterfaceOrientationLandscapeLeft UIInterfaceOrientationLandscapeRight";
				IPHONEOS_DEPLOYMENT_TARGET = 27.0;
				LD_RUNPATH_SEARCH_PATHS = "@executable_path/Frameworks";
				"LD_RUNPATH_SEARCH_PATHS[sdk=macosx*]" = "@executable_path/../Frameworks";
				MACOSX_DEPLOYMENT_TARGET = 26.6;
				MARKETING_VERSION = 1.0;
				PRODUCT_BUNDLE_IDENTIFIER = "app.yancey.exodus.exodus-ios";
				PRODUCT_NAME = "$(TARGET_NAME)";
				REGISTER_APP_GROUPS = YES;
				SDKROOT = auto;
				STRING_CATALOG_GENERATE_SYMBOLS = YES;
				SUPPORTED_PLATFORMS = "iphoneos iphonesimulator macosx xros xrsimulator";
				SWIFT_APPROACHABLE_CONCURRENCY = YES;
				SWIFT_DEFAULT_ACTOR_ISOLATION = MainActor;
				SWIFT_EMIT_LOC_STRINGS = YES;
				SWIFT_UPCOMING_FEATURE_MEMBER_IMPORT_VISIBILITY = YES;
				SWIFT_VERSION = 5.0;
				TARGETED_DEVICE_FAMILY = "1,2,7";
				XROS_DEPLOYMENT_TARGET = 27.0;
			};
			name = Debug;
		};
		B17AC753305D779C009E166D /* Release configuration for PBXNativeTarget "exodus-ios" */ = {
			isa = XCBuildConfiguration;
			buildSettings = {
				ASSETCATALOG_COMPILER_APPICON_NAME = AppIcon;
				ASSETCATALOG_COMPILER_GLOBAL_ACCENT_COLOR_NAME = AccentColor;
				CODE_SIGN_STYLE = Automatic;
				CURRENT_PROJECT_VERSION = 1;
				DEVELOPMENT_TEAM = YLF27G9ZMT;
				ENABLE_APP_SANDBOX = YES;
				ENABLE_HARDENED_RUNTIME = YES;
				ENABLE_PREVIEWS = YES;
				ENABLE_USER_SELECTED_FILES = readonly;
				GENERATE_INFOPLIST_FILE = YES;
				"INFOPLIST_KEY_UIApplicationSceneManifest_Generation[sdk=iphoneos*]" = YES;
				"INFOPLIST_KEY_UIApplicationSceneManifest_Generation[sdk=iphonesimulator*]" = YES;
				"INFOPLIST_KEY_UIApplicationSupportsIndirectInputEvents[sdk=iphoneos*]" = YES;
				"INFOPLIST_KEY_UIApplicationSupportsIndirectInputEvents[sdk=iphonesimulator*]" = YES;
				"INFOPLIST_KEY_UILaunchScreen_Generation[sdk=iphoneos*]" = YES;
				"INFOPLIST_KEY_UILaunchScreen_Generation[sdk=iphonesimulator*]" = YES;
				"INFOPLIST_KEY_UIStatusBarStyle[sdk=iphoneos*]" = UIStatusBarStyleDefault;
				"INFOPLIST_KEY_UIStatusBarStyle[sdk=iphonesimulator*]" = UIStatusBarStyleDefault;
				INFOPLIST_KEY_UISupportedInterfaceOrientations_iPad = "UIInterfaceOrientationPortrait UIInterfaceOrientationPortraitUpsideDown UIInterfaceOrientationLandscapeLeft UIInterfaceOrientationLandscapeRight";
				INFOPLIST_KEY_UISupportedInterfaceOrientations_iPhone = "UIInterfaceOrientationPortrait UIInterfaceOrientationLandscapeLeft UIInterfaceOrientationLandscapeRight";
				IPHONEOS_DEPLOYMENT_TARGET = 27.0;
				LD_RUNPATH_SEARCH_PATHS = "@executable_path/Frameworks";
				"LD_RUNPATH_SEARCH_PATHS[sdk=macosx*]" = "@executable_path/../Frameworks";
				MACOSX_DEPLOYMENT_TARGET = 26.6;
				MARKETING_VERSION = 1.0;
				PRODUCT_BUNDLE_IDENTIFIER = "app.yancey.exodus.exodus-ios";
				PRODUCT_NAME = "$(TARGET_NAME)";
				REGISTER_APP_GROUPS = YES;
				SDKROOT = auto;
				STRING_CATALOG_GENERATE_SYMBOLS = YES;
				SUPPORTED_PLATFORMS = "iphoneos iphonesimulator macosx xros xrsimulator";
				SWIFT_APPROACHABLE_CONCURRENCY = YES;
				SWIFT_DEFAULT_ACTOR_ISOLATION = MainActor;
				SWIFT_EMIT_LOC_STRINGS = YES;
				SWIFT_UPCOMING_FEATURE_MEMBER_IMPORT_VISIBILITY = YES;
				SWIFT_VERSION = 5.0;
				TARGETED_DEVICE_FAMILY = "1,2,7";
				XROS_DEPLOYMENT_TARGET = 27.0;
			};
			name = Release;
		};
		B17AC755305D779C009E166D /* Debug configuration for PBXNativeTarget "exodus-iosTests" */ = {
			isa = XCBuildConfiguration;
			buildSettings = {
				BUNDLE_LOADER = "$(TEST_HOST)";
				CODE_SIGN_STYLE = Automatic;
				CURRENT_PROJECT_VERSION = 1;
				DEVELOPMENT_TEAM = YLF27G9ZMT;
				GENERATE_INFOPLIST_FILE = YES;
				IPHONEOS_DEPLOYMENT_TARGET = 27.0;
				MACOSX_DEPLOYMENT_TARGET = 26.6;
				MARKETING_VERSION = 1.0;
				PRODUCT_BUNDLE_IDENTIFIER = "app.yancey.exodus.exodus-iosTests";
				PRODUCT_NAME = "$(TARGET_NAME)";
				SDKROOT = auto;
				STRING_CATALOG_GENERATE_SYMBOLS = NO;
				SUPPORTED_PLATFORMS = "iphoneos iphonesimulator macosx xros xrsimulator";
				SWIFT_APPROACHABLE_CONCURRENCY = YES;
				SWIFT_EMIT_LOC_STRINGS = NO;
				SWIFT_UPCOMING_FEATURE_MEMBER_IMPORT_VISIBILITY = YES;
				SWIFT_VERSION = 5.0;
				TARGETED_DEVICE_FAMILY = "1,2,7";
				TEST_HOST = "$(BUILT_PRODUCTS_DIR)/exodus-ios.app/$(BUNDLE_EXECUTABLE_FOLDER_PATH)/exodus-ios";
				XROS_DEPLOYMENT_TARGET = 27.0;
			};
			name = Debug;
		};
		B17AC756305D779C009E166D /* Release configuration for PBXNativeTarget "exodus-iosTests" */ = {
			isa = XCBuildConfiguration;
			buildSettings = {
				BUNDLE_LOADER = "$(TEST_HOST)";
				CODE_SIGN_STYLE = Automatic;
				CURRENT_PROJECT_VERSION = 1;
				DEVELOPMENT_TEAM = YLF27G9ZMT;
				GENERATE_INFOPLIST_FILE = YES;
				IPHONEOS_DEPLOYMENT_TARGET = 27.0;
				MACOSX_DEPLOYMENT_TARGET = 26.6;
				MARKETING_VERSION = 1.0;
				PRODUCT_BUNDLE_IDENTIFIER = "app.yancey.exodus.exodus-iosTests";
				PRODUCT_NAME = "$(TARGET_NAME)";
				SDKROOT = auto;
				STRING_CATALOG_GENERATE_SYMBOLS = NO;
				SUPPORTED_PLATFORMS = "iphoneos iphonesimulator macosx xros xrsimulator";
				SWIFT_APPROACHABLE_CONCURRENCY = YES;
				SWIFT_EMIT_LOC_STRINGS = NO;
				SWIFT_UPCOMING_FEATURE_MEMBER_IMPORT_VISIBILITY = YES;
				SWIFT_VERSION = 5.0;
				TARGETED_DEVICE_FAMILY = "1,2,7";
				TEST_HOST = "$(BUILT_PRODUCTS_DIR)/exodus-ios.app/$(BUNDLE_EXECUTABLE_FOLDER_PATH)/exodus-ios";
				XROS_DEPLOYMENT_TARGET = 27.0;
			};
			name = Release;
		};
		B17AC758305D779C009E166D /* Debug configuration for PBXNativeTarget "exodus-iosUITests" */ = {
			isa = XCBuildConfiguration;
			buildSettings = {
				CODE_SIGN_STYLE = Automatic;
				CURRENT_PROJECT_VERSION = 1;
				DEVELOPMENT_TEAM = YLF27G9ZMT;
				GENERATE_INFOPLIST_FILE = YES;
				IPHONEOS_DEPLOYMENT_TARGET = 27.0;
				MACOSX_DEPLOYMENT_TARGET = 26.6;
				MARKETING_VERSION = 1.0;
				PRODUCT_BUNDLE_IDENTIFIER = "app.yancey.exodus.exodus-iosUITests";
				PRODUCT_NAME = "$(TARGET_NAME)";
				SDKROOT = auto;
				STRING_CATALOG_GENERATE_SYMBOLS = NO;
				SUPPORTED_PLATFORMS = "iphoneos iphonesimulator macosx xros xrsimulator";
				SWIFT_APPROACHABLE_CONCURRENCY = YES;
				SWIFT_EMIT_LOC_STRINGS = NO;
				SWIFT_UPCOMING_FEATURE_MEMBER_IMPORT_VISIBILITY = YES;
				SWIFT_VERSION = 5.0;
				TARGETED_DEVICE_FAMILY = "1,2,7";
				TEST_TARGET_NAME = "exodus-ios";
				XROS_DEPLOYMENT_TARGET = 27.0;
			};
			name = Debug;
		};
		B17AC759305D779C009E166D /* Release configuration for PBXNativeTarget "exodus-iosUITests" */ = {
			isa = XCBuildConfiguration;
			buildSettings = {
				CODE_SIGN_STYLE = Automatic;
				CURRENT_PROJECT_VERSION = 1;
				DEVELOPMENT_TEAM = YLF27G9ZMT;
				GENERATE_INFOPLIST_FILE = YES;
				IPHONEOS_DEPLOYMENT_TARGET = 27.0;
				MACOSX_DEPLOYMENT_TARGET = 26.6;
				MARKETING_VERSION = 1.0;
				PRODUCT_BUNDLE_IDENTIFIER = "app.yancey.exodus.exodus-iosUITests";
				PRODUCT_NAME = "$(TARGET_NAME)";
				SDKROOT = auto;
				STRING_CATALOG_GENERATE_SYMBOLS = NO;
				SUPPORTED_PLATFORMS = "iphoneos iphonesimulator macosx xros xrsimulator";
				SWIFT_APPROACHABLE_CONCURRENCY = YES;
				SWIFT_EMIT_LOC_STRINGS = NO;
				SWIFT_UPCOMING_FEATURE_MEMBER_IMPORT_VISIBILITY = YES;
				SWIFT_VERSION = 5.0;
				TARGETED_DEVICE_FAMILY = "1,2,7";
				TEST_TARGET_NAME = "exodus-ios";
				XROS_DEPLOYMENT_TARGET = 27.0;
			};
			name = Release;
		};
/* End XCBuildConfiguration section */

/* Begin XCConfigurationList section */
		B17AC72B305D779B009E166D /* Build configuration list for PBXProject "exodus-ios" */ = {
			isa = XCConfigurationList;
			buildConfigurations = (
				B17AC74F305D779C009E166D /* Debug configuration for PBXProject "exodus-ios" */,
				B17AC750305D779C009E166D /* Release configuration for PBXProject "exodus-ios" */,
			);
			defaultConfigurationName = Release;
		};
		B17AC751305D779C009E166D /* Build configuration list for PBXNativeTarget "exodus-ios" */ = {
			isa = XCConfigurationList;
			buildConfigurations = (
				B17AC752305D779C009E166D /* Debug configuration for PBXNativeTarget "exodus-ios" */,
				B17AC753305D779C009E166D /* Release configuration for PBXNativeTarget "exodus-ios" */,
			);
			defaultConfigurationName = Release;
		};
		B17AC754305D779C009E166D /* Build configuration list for PBXNativeTarget "exodus-iosTests" */ = {
			isa = XCConfigurationList;
			buildConfigurations = (
				B17AC755305D779C009E166D /* Debug configuration for PBXNativeTarget "exodus-iosTests" */,
				B17AC756305D779C009E166D /* Release configuration for PBXNativeTarget "exodus-iosTests" */,
			);
			defaultConfigurationName = Release;
		};
		B17AC757305D779C009E166D /* Build configuration list for PBXNativeTarget "exodus-iosUITests" */ = {
			isa = XCConfigurationList;
			buildConfigurations = (
				B17AC758305D779C009E166D /* Debug configuration for PBXNativeTarget "exodus-iosUITests" */,
				B17AC759305D779C009E166D /* Release configuration for PBXNativeTarget "exodus-iosUITests" */,
			);
			defaultConfigurationName = Release;
		};
/* End XCConfigurationList section */
	};
	rootObject = B17AC728305D779B009E166D /* Project object */;
	validationLevel = 1;
}
